# THIS IS AN AUTOGENERATED FILE. DO NOT EDIT THIS FILE DIRECTLY.
# yarn lockfile v1


"@types/chrome@^0.0.250":
  version "0.0.250"
  resolved "https://registry.yarnpkg.com/@types/chrome/-/chrome-0.0.250.tgz#dd21d177f8d4ea9a12433b0506d25d41e90d7729"
  integrity sha512-bg6UC+cXS5blsaJaVOg0TQfu6FG64og/4o+65IuaVvlTKBzNUiazLabPde+gRpk8DSrqpGBPk0xME+tbU3KlKg==
  dependencies:
    "@types/filesystem" "*"
    "@types/har-format" "*"

"@types/filesystem@*":
  version "0.0.35"
  resolved "https://registry.yarnpkg.com/@types/filesystem/-/filesystem-0.0.35.tgz#6d6766626083e2b397c09bdc57092827120db11d"
  integrity sha512-1eKvCaIBdrD2mmMgy5dwh564rVvfEhZTWVQQGRNn0Nt4ZEnJ0C8oSUCzvMKRA4lGde5oEVo+q2MrTTbV/GHDCQ==
  dependencies:
    "@types/filewriter" "*"

"@types/filewriter@*":
  version "0.0.32"
  resolved "https://registry.yarnpkg.com/@types/filewriter/-/filewriter-0.0.32.tgz#3cf7e0f870e54e60ed1bbd9280fa24a9444d3b48"
  integrity sha512-Kpi2GXQyYJdjL8mFclL1eDgihn1SIzorMZjD94kdPZh9E4VxGOeyjPxi5LpsM4Zku7P0reqegZTt2GxhmA9VBg==

"@types/har-format@*":
  version "1.2.15"
  resolved "https://registry.yarnpkg.com/@types/har-format/-/har-format-1.2.15.tgz#f352493638c2f89d706438a19a9eb300b493b506"
  integrity sha512-RpQH4rXLuvTXKR0zqHq3go0RVXYv/YVqv4TnPH95VbwUxZdQlK1EtcMvQvMpDngHbt13Csh9Z4qT9AbkiQH5BA==

typescript@^5.2.2:
  version "5.2.2"
  resolved "https://registry.yarnpkg.com/typescript/-/typescript-5.2.2.tgz#5ebb5e5a5b75f085f22bc3f8460fba308310fa78"
  integrity sha512-mI4WrpHsbCIcwT9cF4FZvr80QUeKvsUsUvKDoR+X/7XHQH98xYD8YHZg7ANtz2GtZt/CBq2QJ0thkGJMHfqc1w==
